
Microsoft Visual Studio Solution File, Format Version 12.00
# Visual Studio Version 18
VisualStudioVersion = 18.3.11505.172
MinimumVisualStudioVersion = 10.0.40219.1
Project("{2150E333-8FDC-42A3-9474-1A3956D46DE8}") = "AccountManagment", "AccountManagment", "{02EA681E-C7D8-13C7-8484-4AC65E1B71E8}"
EndProject
Project("{2150E333-8FDC-42A3-9474-1A3956D46DE8}") = "AccountM.Domain", "AccountM.Domain", "{8FB3F386-CB51-4D85-9CB2-81D97C3AC383}"
EndProject
Project("{2150E333-8FDC-42A3-9474-1A3956D46DE8}") = "BookManagment", "BookManagment", "{0C93A9F0-4035-4AB5-BDFB-937191CF7CF4}"
EndProject
Project("{2150E333-8FDC-42A3-9474-1A3956D46DE8}") = "BookM.Domain", "BookM.Domain", "{21E0E39A-4537-4E44-9114-E720836C3B93}"
EndProject
Project("{FAE04EC0-301F-11D3-BF4B-00C04F79EFBC}") = "AccountM.Domain", "AccountM.Domain\AccountM.Domain.csproj", "{ADC19476-3FB1-4B57-BE55-A89BF316638D}"
EndProject
Project("{FAE04EC0-301F-11D3-BF4B-00C04F79EFBC}") = "BookM.Domain", "BookM.Domain\BookM.Domain.csproj", "{B8B63889-0483-4D12-B35D-7FBCF3B24A36}"
EndProject
Project("{2150E333-8FDC-42A3-9474-1A3956D46DE8}") = "AccountM.Application", "AccountM.Application", "{8D6C5157-351B-464E-8E53-89C98AA82A25}"
EndProject
Project("{FAE04EC0-301F-11D3-BF4B-00C04F79EFBC}") = "AccountM.Application", "AccountM.Application\AccountM.Application.csproj", "{C58F0407-F219-4AEF-9307-4B67EDEBB2D4}"
EndProject
Project("{2150E333-8FDC-42A3-9474-1A3956D46DE8}") = "AccountM.Infrastructure", "AccountM.Infrastructure", "{CD74E8CE-0A89-429E-92B2-0430B5EC99C6}"
EndProject
Project("{2150E333-8FDC-42A3-9474-1A3956D46DE8}") = "BookM.Infrastructure", "BookM.Infrastructure", "{946B820A-6A42-4E57-AA51-FD2BAFDF96FC}"
EndProject
Project("{2150E333-8FDC-42A3-9474-1A3956D46DE8}") = "BookM.Application", "BookM.Application", "{2E26A520-73E0-477A-B35C-5F310DB901F6}"
EndProject
Project("{FAE04EC0-301F-11D3-BF4B-00C04F79EFBC}") = "BookM.Application", "BookM.Application\BookM.Application.csproj", "{B4A7452D-A922-42B8-B2B1-AA747D994392}"
EndProject
Project("{FAE04EC0-301F-11D3-BF4B-00C04F79EFBC}") = "BookMarket", "BookMarket\BookMarket.csproj", "{6BEF9FAE-37C8-4386-9C35-C8D0B8BE2EEE}"
EndProject
Project("{2150E333-8FDC-42A3-9474-1A3956D46DE8}") = "BlogManagment", "BlogManagment", "{AF8C181D-CF5A-4ABA-9386-996EF625C1BD}"
EndProject
Project("{2150E333-8FDC-42A3-9474-1A3956D46DE8}") = "BlogM.Domain", "BlogM.Domain", "{F43993E5-2873-46C2-98CA-F4422FBAAFDC}"
EndProject
Project("{FAE04EC0-301F-11D3-BF4B-00C04F79EFBC}") = "Blog.Domain", "Blog.Domain\Blog.Domain.csproj", "{6879AEE8-71BC-471A-8A70-0BEFC155AEC3}"
EndProject
Project("{2150E333-8FDC-42A3-9474-1A3956D46DE8}") = "BlogM.Infrastructure", "BlogM.Infrastructure", "{21EC4F45-E271-4BAC-BD37-BCC447539AD3}"
EndProject
Project("{2150E333-8FDC-42A3-9474-1A3956D46DE8}") = "BlogM.Application", "BlogM.Application", "{4BC156AE-E676-42BC-92B8-523621B7794E}"
EndProject
Project("{FAE04EC0-301F-11D3-BF4B-00C04F79EFBC}") = "BlogM.Application", "BlogM.Application\BlogM.Application.csproj", "{C3EAF2E2-522E-4E5B-86BE-8131B359C9F7}"
EndProject
Project("{2150E333-8FDC-42A3-9474-1A3956D46DE8}") = "Services", "Services", "{919F4792-7AC9-474E-AE88-41C801B76D98}"
EndProject
Project("{FAE04EC0-301F-11D3-BF4B-00C04F79EFBC}") = "Services", "Services\Services.csproj", "{77A69C78-294E-404C-AB97-7DD39C90E29F}"
EndProject
Project("{FAE04EC0-301F-11D3-BF4B-00C04F79EFBC}") = "BookM.Infrastructure.EFCore", "BookM.Infrastructure.EFCore\BookM.Infrastructure.EFCore.csproj", "{84C28DB9-0483-473C-B335-7D992F350A20}"
EndProject
Project("{FAE04EC0-301F-11D3-BF4B-00C04F79EFBC}") = "BlogM.Infrastructure.EFCore", "Book.Infrastructure.EFCore\BlogM.Infrastructure.EFCore.csproj", "{41DC24E3-7E79-45C2-B20B-2A2CC59EEC09}"
EndProject
Project("{FAE04EC0-301F-11D3-BF4B-00C04F79EFBC}") = "BookMInfrastucureConfiguration", "BookM.Infrastucure.Configoration\BookMInfrastucureConfiguration.csproj", "{F47A2624-465B-4AF9-A40E-D3DF3F103B23}"
EndProject
Project("{FAE04EC0-301F-11D3-BF4B-00C04F79EFBC}") = "BlogMInfrastructureConfiguration", "BlogM.Infrastructure.Configuration\BlogMInfrastructureConfiguration.csproj", "{884C2FDF-FA65-4E05-9AFA-BDDE7E7224DD}"
EndProject
Project("{FAE04EC0-301F-11D3-BF4B-00C04F79EFBC}") = "AccountM.Infrastructure.EFCore", "AccountM.Infrastructure.EFCore\AccountM.Infrastructure.EFCore.csproj", "{BDFC7576-354A-4236-B480-3E2713292D5E}"
EndProject
Project("{FAE04EC0-301F-11D3-BF4B-00C04F79EFBC}") = "AccountMInfrastructureConfiguration", "AccountM.Infrastructure.Configuration\AccountMInfrastructureConfiguration.csproj", "{B6E6D318-9F6C-493F-A90D-5415C73D572B}"
EndProject
Project("{2150E333-8FDC-42A3-9474-1A3956D46DE8}") = "CommentManagment", "CommentManagment", "{B38BFC35-9B6B-42F8-8759-95627FFF10A3}"
EndProject
Project("{2150E333-8FDC-42A3-9474-1A3956D46DE8}") = "CommentM.Domain", "CommentM.Domain", "{6B144DEA-A29D-44E6-8EF5-120C6F776570}"
EndProject
Project("{FAE04EC0-301F-11D3-BF4B-00C04F79EFBC}") = "CommentM.Domain", "CommentM.Domain\CommentM.Domain.csproj", "{B2BACC40-9041-4E32-AF9C-761DE6B37325}"
EndProject
Project("{2150E333-8FDC-42A3-9474-1A3956D46DE8}") = "CommentM.Infrastructure", "CommentM.Infrastructure", "{D2270C79-A5CC-4CDF-8850-5C894009AE6E}"
EndProject
Project("{FAE04EC0-301F-11D3-BF4B-00C04F79EFBC}") = "CommentM.Infrastructure.EFCore", "CommentM.Infrastructure.EFCore\CommentM.Infrastructure.EFCore.csproj", "{8197B304-19CB-425E-B6E8-69A4715752BB}"
EndProject
Project("{FAE04EC0-301F-11D3-BF4B-00C04F79EFBC}") = "CommentMInfrastructureConfiguration", "CommentM.Infrastructure.Configuration\CommentMInfrastructureConfiguration.csproj", "{50364BBB-7290-4D7A-A747-C01F3418B5E3}"
EndProject
Project("{2150E333-8FDC-42A3-9474-1A3956D46DE8}") = "CommentM.Application", "CommentM.Application", "{8CF30D79-EE27-4001-8FFC-9CE941E15962}"
EndProject
Project("{FAE04EC0-301F-11D3-BF4B-00C04F79EFBC}") = "CommentM.Application", "CommentM.Application\CommentM.Application.csproj", "{0A4E3DA4-7114-4F2F-8B14-5F03C8F47369}"
EndProject
Project("{FAE04EC0-301F-11D3-BF4B-00C04F79EFBC}") = "AccountM.Application.Contracts", "AccountM.Application.Contracts\AccountM.Application.Contracts.csproj", "{FCD23C65-B1A3-AE89-748C-7B3A3F63A4CF}"
EndProject
Project("{FAE04EC0-301F-11D3-BF4B-00C04F79EFBC}") = "BlogM.Application.Contracts", "BlogM.Application.Contracts\BlogM.Application.Contracts.csproj", "{D7034A18-8A52-2006-119A-3DCEA9C3E36B}"
EndProject
Project("{FAE04EC0-301F-11D3-BF4B-00C04F79EFBC}") = "BookM.Application.Contracts", "BookM.Application.Contracts\BookM.Application.Contracts.csproj", "{385A966C-AB4A-86F8-7007-9E3380FC28B6}"
EndProject
Project("{FAE04EC0-301F-11D3-BF4B-00C04F79EFBC}") = "CommentM.Application.Contracts", "CommentM.Application.Contracts\CommentM.Application.Contracts.csproj", "{A2E904D6-1796-A8D6-6BE8-7CEEED4E1488}"
EndProject
Global
	GlobalSection(SolutionConfigurationPlatforms) = preSolution
		Debug|Any CPU = Debug|Any CPU
		Release|Any CPU = Release|Any CPU
	EndGlobalSection
	GlobalSection(ProjectConfigurationPlatforms) = postSolution
		{ADC19476-3FB1-4B57-BE55-A89BF316638D}.Debug|Any CPU.ActiveCfg = Debug|Any CPU
		{ADC19476-3FB1-4B57-BE55-A89BF316638D}.Debug|Any CPU.Build.0 = Debug|Any CPU
		{ADC19476-3FB1-4B57-BE55-A89BF316638D}.Release|Any CPU.ActiveCfg = Release|Any CPU
		{ADC19476-3FB1-4B57-BE55-A89BF316638D}.Release|Any CPU.Build.0 = Release|Any CPU
		{B8B63889-0483-4D12-B35D-7FBCF3B24A36}.Debug|Any CPU.ActiveCfg = Debug|Any CPU
		{B8B63889-0483-4D12-B35D-7FBCF3B24A36}.Debug|Any CPU.Build.0 = Debug|Any CPU
		{B8B63889-0483-4D12-B35D-7FBCF3B24A36}.Release|Any CPU.ActiveCfg = Release|Any CPU
		{B8B63889-0483-4D12-B35D-7FBCF3B24A36}.Release|Any CPU.Build.0 = Release|Any CPU
		{C58F0407-F219-4AEF-9307-4B67EDEBB2D4}.Debug|Any CPU.ActiveCfg = Debug|Any CPU
		{C58F0407-F219-4AEF-9307-4B67EDEBB2D4}.Debug|Any CPU.Build.0 = Debug|Any CPU
		{C58F0407-F219-4AEF-9307-4B67EDEBB2D4}.Release|Any CPU.ActiveCfg = Release|Any CPU
		{C58F0407-F219-4AEF-9307-4B67EDEBB2D4}.Release|Any CPU.Build.0 = Release|Any CPU
		{B4A7452D-A922-42B8-B2B1-AA747D994392}.Debug|Any CPU.ActiveCfg = Debug|Any CPU
		{B4A7452D-A922-42B8-B2B1-AA747D994392}.Debug|Any CPU.Build.0 = Debug|Any CPU
		{B4A7452D-A922-42B8-B2B1-AA747D994392}.Release|Any CPU.ActiveCfg = Release|Any CPU
		{B4A7452D-A922-42B8-B2B1-AA747D994392}.Release|Any CPU.Build.0 = Release|Any CPU
		{6BEF9FAE-37C8-4386-9C35-C8D0B8BE2EEE}.Debug|Any CPU.ActiveCfg = Debug|Any CPU
		{6BEF9FAE-37C8-4386-9C35-C8D0B8BE2EEE}.Debug|Any CPU.Build.0 = Debug|Any CPU
		{6BEF9FAE-37C8-4386-9C35-C8D0B8BE2EEE}.Release|Any CPU.ActiveCfg = Release|Any CPU
		{6BEF9FAE-37C8-4386-9C35-C8D0B8BE2EEE}.Release|Any CPU.Build.0 = Release|Any CPU
		{6879AEE8-71BC-471A-8A70-0BEFC155AEC3}.Debug|Any CPU.ActiveCfg = Debug|Any CPU
		{6879AEE8-71BC-471A-8A70-0BEFC155AEC3}.Debug|Any CPU.Build.0 = Debug|Any CPU
		{6879AEE8-71BC-471A-8A70-0BEFC155AEC3}.Release|Any CPU.ActiveCfg = Release|Any CPU
		{6879AEE8-71BC-471A-8A70-0BEFC155AEC3}.Release|Any CPU.Build.0 = Release|Any CPU
		{C3EAF2E2-522E-4E5B-86BE-8131B359C9F7}.Debug|Any CPU.ActiveCfg = Debug|Any CPU
		{C3EAF2E2-522E-4E5B-86BE-8131B359C9F7}.Debug|Any CPU.Build.0 = Debug|Any CPU
		{C3EAF2E2-522E-4E5B-86BE-8131B359C9F7}.Release|Any CPU.ActiveCfg = Release|Any CPU
		{C3EAF2E2-522E-4E5B-86BE-8131B359C9F7}.Release|Any CPU.Build.0 = Release|Any CPU
		{77A69C78-294E-404C-AB97-7DD39C90E29F}.Debug|Any CPU.ActiveCfg = Debug|Any CPU
		{77A69C78-294E-404C-AB97-7DD39C90E29F}.Debug|Any CPU.Build.0 = Debug|Any CPU
		{77A69C78-294E-404C-AB97-7DD39C90E29F}.Release|Any CPU.ActiveCfg = Release|Any CPU
		{77A69C78-294E-404C-AB97-7DD39C90E29F}.Release|Any CPU.Build.0 = Release|Any CPU
		{84C28DB9-0483-473C-B335-7D992F350A20}.Debug|Any CPU.ActiveCfg = Debug|Any CPU
		{84C28DB9-0483-473C-B335-7D992F350A20}.Debug|Any CPU.Build.0 = Debug|Any CPU
		{84C28DB9-0483-473C-B335-7D992F350A20}.Release|Any CPU.ActiveCfg = Release|Any CPU
		{84C28DB9-0483-473C-B335-7D992F350A20}.Release|Any CPU.Build.0 = Release|Any CPU
		{41DC24E3-7E79-45C2-B20B-2A2CC59EEC09}.Debug|Any CPU.ActiveCfg = Debug|Any CPU
		{41DC24E3-7E79-45C2-B20B-2A2CC59EEC09}.Debug|Any CPU.Build.0 = Debug|Any CPU
		{41DC24E3-7E79-45C2-B20B-2A2CC59EEC09}.Release|Any CPU.ActiveCfg = Release|Any CPU
		{41DC24E3-7E79-45C2-B20B-2A2CC59EEC09}.Release|Any CPU.Build.0 = Release|Any CPU
		{F47A2624-465B-4AF9-A40E-D3DF3F103B23}.Debug|Any CPU.ActiveCfg = Debug|Any CPU
		{F47A2624-465B-4AF9-A40E-D3DF3F103B23}.Debug|Any CPU.Build.0 = Debug|Any CPU
		{F47A2624-465B-4AF9-A40E-D3DF3F103B23}.Release|Any CPU.ActiveCfg = Release|Any CPU
		{F47A2624-465B-4AF9-A40E-D3DF3F103B23}.Release|Any CPU.Build.0 = Release|Any CPU
		{884C2FDF-FA65-4E05-9AFA-BDDE7E7224DD}.Debug|Any CPU.ActiveCfg = Debug|Any CPU
		{884C2FDF-FA65-4E05-9AFA-BDDE7E7224DD}.Debug|Any CPU.Build.0 = Debug|Any CPU
		{884C2FDF-FA65-4E05-9AFA-BDDE7E7224DD}.Release|Any CPU.ActiveCfg = Release|Any CPU
		{884C2FDF-FA65-4E05-9AFA-BDDE7E7224DD}.Release|Any CPU.Build.0 = Release|Any CPU
		{BDFC7576-354A-4236-B480-3E2713292D5E}.Debug|Any CPU.ActiveCfg = Debug|Any CPU
		{BDFC7576-354A-4236-B480-3E2713292D5E}.Debug|Any CPU.Build.0 = Debug|Any CPU
		{BDFC7576-354A-4236-B480-3E2713292D5E}.Release|Any CPU.ActiveCfg = Release|Any CPU
		{BDFC7576-354A-4236-B480-3E2713292D5E}.Release|Any CPU.Build.0 = Release|Any CPU
		{B6E6D318-9F6C-493F-A90D-5415C73D572B}.Debug|Any CPU.ActiveCfg = Debug|Any CPU
		{B6E6D318-9F6C-493F-A90D-5415C73D572B}.Debug|Any CPU.Build.0 = Debug|Any CPU
		{B6E6D318-9F6C-493F-A90D-5415C73D572B}.Release|Any CPU.ActiveCfg = Release|Any CPU
		{B6E6D318-9F6C-493F-A90D-5415C73D572B}.Release|Any CPU.Build.0 = Release|Any CPU
		{B2BACC40-9041-4E32-AF9C-761DE6B37325}.Debug|Any CPU.ActiveCfg = Debug|Any CPU
		{B2BACC40-9041-4E32-AF9C-761DE6B37325}.Debug|Any CPU.Build.0 = Debug|Any CPU
		{B2BACC40-9041-4E32-AF9C-761DE6B37325}.Release|Any CPU.ActiveCfg = Release|Any CPU
		{B2BACC40-9041-4E32-AF9C-761DE6B37325}.Release|Any CPU.Build.0 = Release|Any CPU
		{8197B304-19CB-425E-B6E8-69A4715752BB}.Debug|Any CPU.ActiveCfg = Debug|Any CPU
		{8197B304-19CB-425E-B6E8-69A4715752BB}.Debug|Any CPU.Build.0 = Debug|Any CPU
		{8197B304-19CB-425E-B6E8-69A4715752BB}.Release|Any CPU.ActiveCfg = Release|Any CPU
		{8197B304-19CB-425E-B6E8-69A4715752BB}.Release|Any CPU.Build.0 = Release|Any CPU
		{50364BBB-7290-4D7A-A747-C01F3418B5E3}.Debug|Any CPU.ActiveCfg = Debug|Any CPU
		{50364BBB-7290-4D7A-A747-C01F3418B5E3}.Debug|Any CPU.Build.0 = Debug|Any CPU
		{50364BBB-7290-4D7A-A747-C01F3418B5E3}.Release|Any CPU.ActiveCfg = Release|Any CPU
		{50364BBB-7290-4D7A-A747-C01F3418B5E3}.Release|Any CPU.Build.0 = Release|Any CPU
		{0A4E3DA4-7114-4F2F-8B14-5F03C8F47369}.Debug|Any CPU.ActiveCfg = Debug|Any CPU
		{0A4E3DA4-7114-4F2F-8B14-5F03C8F47369}.Debug|Any CPU.Build.0 = Debug|Any CPU
		{0A4E3DA4-7114-4F2F-8B14-5F03C8F47369}.Release|Any CPU.ActiveCfg = Release|Any CPU
		{0A4E3DA4-7114-4F2F-8B14-5F03C8F47369}.Release|Any CPU.Build.0 = Release|Any CPU
		{FCD23C65-B1A3-AE89-748C-7B3A3F63A4CF}.Debug|Any CPU.ActiveCfg = Debug|Any CPU
		{FCD23C65-B1A3-AE89-748C-7B3A3F63A4CF}.Debug|Any CPU.Build.0 = Debug|Any CPU
		{FCD23C65-B1A3-AE89-748C-7B3A3F63A4CF}.Release|Any CPU.ActiveCfg = Release|Any CPU
		{FCD23C65-B1A3-AE89-748C-7B3A3F63A4CF}.Release|Any CPU.Build.0 = Release|Any CPU
		{D7034A18-8A52-2006-119A-3DCEA9C3E36B}.Debug|Any CPU.ActiveCfg = Debug|Any CPU
		{D7034A18-8A52-2006-119A-3DCEA9C3E36B}.Debug|Any CPU.Build.0 = Debug|Any CPU
		{D7034A18-8A52-2006-119A-3DCEA9C3E36B}.Release|Any CPU.ActiveCfg = Release|Any CPU
		{D7034A18-8A52-2006-119A-3DCEA9C3E36B}.Release|Any CPU.Build.0 = Release|Any CPU
		{385A966C-AB4A-86F8-7007-9E3380FC28B6}.Debug|Any CPU.ActiveCfg = Debug|Any CPU
		{385A966C-AB4A-86F8-7007-9E3380FC28B6}.Debug|Any CPU.Build.0 = Debug|Any CPU
		{385A966C-AB4A-86F8-7007-9E3380FC28B6}.Release|Any CPU.ActiveCfg = Release|Any CPU
		{385A966C-AB4A-86F8-7007-9E3380FC28B6}.Release|Any CPU.Build.0 = Release|Any CPU
		{A2E904D6-1796-A8D6-6BE8-7CEEED4E1488}.Debug|Any CPU.ActiveCfg = Debug|Any CPU
		{A2E904D6-1796-A8D6-6BE8-7CEEED4E1488}.Debug|Any CPU.Build.0 = Debug|Any CPU
		{A2E904D6-1796-A8D6-6BE8-7CEEED4E1488}.Release|Any CPU.ActiveCfg = Release|Any CPU
		{A2E904D6-1796-A8D6-6BE8-7CEEED4E1488}.Release|Any CPU.Build.0 = Release|Any CPU
	EndGlobalSection
	GlobalSection(SolutionProperties) = preSolution
		HideSolutionNode = FALSE
	EndGlobalSection
	GlobalSection(NestedProjects) = preSolution
		{8FB3F386-CB51-4D85-9CB2-81D97C3AC383} = {02EA681E-C7D8-13C7-8484-4AC65E1B71E8}
		{21E0E39A-4537-4E44-9114-E720836C3B93} = {0C93A9F0-4035-4AB5-BDFB-937191CF7CF4}
		{ADC19476-3FB1-4B57-BE55-A89BF316638D} = {8FB3F386-CB51-4D85-9CB2-81D97C3AC383}
		{B8B63889-0483-4D12-B35D-7FBCF3B24A36} = {21E0E39A-4537-4E44-9114-E720836C3B93}
		{8D6C5157-351B-464E-8E53-89C98AA82A25} = {02EA681E-C7D8-13C7-8484-4AC65E1B71E8}
		{C58F0407-F219-4AEF-9307-4B67EDEBB2D4} = {8D6C5157-351B-464E-8E53-89C98AA82A25}
		{CD74E8CE-0A89-429E-92B2-0430B5EC99C6} = {02EA681E-C7D8-13C7-8484-4AC65E1B71E8}
		{946B820A-6A42-4E57-AA51-FD2BAFDF96FC} = {0C93A9F0-4035-4AB5-BDFB-937191CF7CF4}
		{2E26A520-73E0-477A-B35C-5F310DB901F6} = {0C93A9F0-4035-4AB5-BDFB-937191CF7CF4}
		{B4A7452D-A922-42B8-B2B1-AA747D994392} = {2E26A520-73E0-477A-B35C-5F310DB901F6}
		{F43993E5-2873-46C2-98CA-F4422FBAAFDC} = {AF8C181D-CF5A-4ABA-9386-996EF625C1BD}
		{6879AEE8-71BC-471A-8A70-0BEFC155AEC3} = {F43993E5-2873-46C2-98CA-F4422FBAAFDC}
		{21EC4F45-E271-4BAC-BD37-BCC447539AD3} = {AF8C181D-CF5A-4ABA-9386-996EF625C1BD}
		{4BC156AE-E676-42BC-92B8-523621B7794E} = {AF8C181D-CF5A-4ABA-9386-996EF625C1BD}
		{C3EAF2E2-522E-4E5B-86BE-8131B359C9F7} = {4BC156AE-E676-42BC-92B8-523621B7794E}
		{77A69C78-294E-404C-AB97-7DD39C90E29F} = {919F4792-7AC9-474E-AE88-41C801B76D98}
		{84C28DB9-0483-473C-B335-7D992F350A20} = {946B820A-6A42-4E57-AA51-FD2BAFDF96FC}
		{41DC24E3-7E79-45C2-B20B-2A2CC59EEC09} = {21EC4F45-E271-4BAC-BD37-BCC447539AD3}
		{F47A2624-465B-4AF9-A40E-D3DF3F103B23} = {946B820A-6A42-4E57-AA51-FD2BAFDF96FC}
		{884C2FDF-FA65-4E05-9AFA-BDDE7E7224DD} = {21EC4F45-E271-4BAC-BD37-BCC447539AD3}
		{BDFC7576-354A-4236-B480-3E2713292D5E} = {CD74E8CE-0A89-429E-92B2-0430B5EC99C6}
		{B6E6D318-9F6C-493F-A90D-5415C73D572B} = {CD74E8CE-0A89-429E-92B2-0430B5EC99C6}
		{6B144DEA-A29D-44E6-8EF5-120C6F776570} = {B38BFC35-9B6B-42F8-8759-95627FFF10A3}
		{B2BACC40-9041-4E32-AF9C-761DE6B37325} = {6B144DEA-A29D-44E6-8EF5-120C6F776570}
		{D2270C79-A5CC-4CDF-8850-5C894009AE6E} = {B38BFC35-9B6B-42F8-8759-95627FFF10A3}
		{8197B304-19CB-425E-B6E8-69A4715752BB} = {D2270C79-A5CC-4CDF-8850-5C894009AE6E}
		{50364BBB-7290-4D7A-A747-C01F3418B5E3} = {D2270C79-A5CC-4CDF-8850-5C894009AE6E}
		{8CF30D79-EE27-4001-8FFC-9CE941E15962} = {B38BFC35-9B6B-42F8-8759-95627FFF10A3}
		{0A4E3DA4-7114-4F2F-8B14-5F03C8F47369} = {8CF30D79-EE27-4001-8FFC-9CE941E15962}
		{FCD23C65-B1A3-AE89-748C-7B3A3F63A4CF} = {8D6C5157-351B-464E-8E53-89C98AA82A25}
		{D7034A18-8A52-2006-119A-3DCEA9C3E36B} = {4BC156AE-E676-42BC-92B8-523621B7794E}
		{385A966C-AB4A-86F8-7007-9E3380FC28B6} = {2E26A520-73E0-477A-B35C-5F310DB901F6}
		{A2E904D6-1796-A8D6-6BE8-7CEEED4E1488} = {8CF30D79-EE27-4001-8FFC-9CE941E15962}
	EndGlobalSection
	GlobalSection(ExtensibilityGlobals) = postSolution
		SolutionGuid = {A6E04C93-C332-44C1-BAA1-ECAC4CAF73AF}
	EndGlobalSection
EndGlobal
